
Microsoft Visual Studio Solution File, Format Version 12.00
# Visual Studio Version 16
VisualStudioVersion = 16.0.30114.105
MinimumVisualStudioVersion = 10.0.40219.1
Project("{2150E333-8FDC-42A3-9474-1A3956D46DE8}") = "src", "src", "{0F12AB5F-5A65-4CDD-BBCF-92D742DB5CE5}"
EndProject
Project("{FAE04EC0-301F-11D3-BF4B-00C04F79EFBC}") = "Fapiradar", "src\Fapiradar\Fapiradar.csproj", "{2D78EFB4-EA6B-4A14-915A-C82C82312698}"
EndProject
Project("{2150E333-8FDC-42A3-9474-1A3956D46DE8}") = "test", "test", "{CCCC8263-5263-4C4D-A641-740AABA24C13}"
EndProject
Project("{FAE04EC0-301F-11D3-BF4B-00C04F79EFBC}") = "Fapiradar.Tests", "test\Fapiradar.Tests\Fapiradar.Tests.csproj", "{14228706-2531-4C01-919E-2F4D16E9EEB9}"
EndProject
Global
	GlobalSection(SolutionConfigurationPlatforms) = preSolution
		Debug|Any CPU = Debug|Any CPU
		Release|Any CPU = Release|Any CPU
	EndGlobalSection
	GlobalSection(SolutionProperties) = preSolution
		HideSolutionNode = FALSE
	EndGlobalSection
	GlobalSection(ProjectConfigurationPlatforms) = postSolution
		{2D78EFB4-EA6B-4A14-915A-C82C82312698}.Debug|Any CPU.ActiveCfg = Debug|Any CPU
		{2D78EFB4-EA6B-4A14-915A-C82C82312698}.Debug|Any CPU.Build.0 = Debug|Any CPU
		{2D78EFB4-EA6B-4A14-915A-C82C82312698}.Release|Any CPU.ActiveCfg = Release|Any CPU
		{2D78EFB4-EA6B-4A14-915A-C82C82312698}.Release|Any CPU.Build.0 = Release|Any CPU
		{14228706-2531-4C01-919E-2F4D16E9EEB9}.Debug|Any CPU.ActiveCfg = Debug|Any CPU
		{14228706-2531-4C01-919E-2F4D16E9EEB9}.Debug|Any CPU.Build.0 = Debug|Any CPU
		{14228706-2531-4C01-919E-2F4D16E9EEB9}.Release|Any CPU.ActiveCfg = Release|Any CPU
		{14228706-2531-4C01-919E-2F4D16E9EEB9}.Release|Any CPU.Build.0 = Release|Any CPU
	EndGlobalSection
	GlobalSection(NestedProjects) = preSolution
		{2D78EFB4-EA6B-4A14-915A-C82C82312698} = {0F12AB5F-5A65-4CDD-BBCF-92D742DB5CE5}
		{14228706-2531-4C01-919E-2F4D16E9EEB9} = {CCCC8263-5263-4C4D-A641-740AABA24C13}
	EndGlobalSection
EndGlobal
